
Microsoft Visual Studio Solution File, Format Version 12.00
Project("{FAE04EC0-301F-11D3-BF4B-00C04F79EFBC}") = "API", "API\API.csproj", "{884B9EFA-0B1E-4799-B94D-DD38A1C3F20F}"
EndProject
Project("{FAE04EC0-301F-11D3-BF4B-00C04F79EFBC}") = "OmegaMod", "OmegaMod\OmegaMod.csproj", "{C43BE2E2-EB2A-47F9-A664-C35AD14214BC}"
EndProject
Project("{FAE04EC0-301F-11D3-BF4B-00C04F79EFBC}") = "CheatMod", "CheatMod\CheatMod.csproj", "{36729D3B-9A74-43A8-847B-B6F07E63E4C7}"
EndProject
Project("{FAE04EC0-301F-11D3-BF4B-00C04F79EFBC}") = "OmegaBlocks", "OmegaBlocks\OmegaBlocks.csproj", "{FA988593-2370-4F8D-9679-C3C753304920}"
EndProject
Project("{FAE04EC0-301F-11D3-BF4B-00C04F79EFBC}") = "ExampleMod", "ExampleMod\ExampleMod.csproj", "{6611A94A-2AE6-4C77-8CD0-5D8280AF2DDF}"
EndProject
Global
	GlobalSection(SolutionConfigurationPlatforms) = preSolution
		Debug|Any CPU = Debug|Any CPU
		Release|Any CPU = Release|Any CPU
	EndGlobalSection
	GlobalSection(ProjectConfigurationPlatforms) = postSolution
		{884B9EFA-0B1E-4799-B94D-DD38A1C3F20F}.Debug|Any CPU.ActiveCfg = Debug|Any CPU
		{884B9EFA-0B1E-4799-B94D-DD38A1C3F20F}.Debug|Any CPU.Build.0 = Debug|Any CPU
		{884B9EFA-0B1E-4799-B94D-DD38A1C3F20F}.Release|Any CPU.ActiveCfg = Release|Any CPU
		{884B9EFA-0B1E-4799-B94D-DD38A1C3F20F}.Release|Any CPU.Build.0 = Release|Any CPU
		{C43BE2E2-EB2A-47F9-A664-C35AD14214BC}.Debug|Any CPU.ActiveCfg = Debug|Any CPU
		{C43BE2E2-EB2A-47F9-A664-C35AD14214BC}.Debug|Any CPU.Build.0 = Debug|Any CPU
		{C43BE2E2-EB2A-47F9-A664-C35AD14214BC}.Release|Any CPU.ActiveCfg = Release|Any CPU
		{C43BE2E2-EB2A-47F9-A664-C35AD14214BC}.Release|Any CPU.Build.0 = Release|Any CPU
		{36729D3B-9A74-43A8-847B-B6F07E63E4C7}.Debug|Any CPU.ActiveCfg = Debug|Any CPU
		{36729D3B-9A74-43A8-847B-B6F07E63E4C7}.Debug|Any CPU.Build.0 = Debug|Any CPU
		{36729D3B-9A74-43A8-847B-B6F07E63E4C7}.Release|Any CPU.ActiveCfg = Release|Any CPU
		{36729D3B-9A74-43A8-847B-B6F07E63E4C7}.Release|Any CPU.Build.0 = Release|Any CPU
		{FA988593-2370-4F8D-9679-C3C753304920}.Debug|Any CPU.ActiveCfg = Debug|Any CPU
		{FA988593-2370-4F8D-9679-C3C753304920}.Debug|Any CPU.Build.0 = Debug|Any CPU
		{FA988593-2370-4F8D-9679-C3C753304920}.Release|Any CPU.ActiveCfg = Release|Any CPU
		{FA988593-2370-4F8D-9679-C3C753304920}.Release|Any CPU.Build.0 = Release|Any CPU
		{6611A94A-2AE6-4C77-8CD0-5D8280AF2DDF}.Debug|Any CPU.ActiveCfg = Debug|Any CPU
		{6611A94A-2AE6-4C77-8CD0-5D8280AF2DDF}.Debug|Any CPU.Build.0 = Debug|Any CPU
		{6611A94A-2AE6-4C77-8CD0-5D8280AF2DDF}.Release|Any CPU.ActiveCfg = Release|Any CPU
		{6611A94A-2AE6-4C77-8CD0-5D8280AF2DDF}.Release|Any CPU.Build.0 = Release|Any CPU
	EndGlobalSection
EndGlobal
